// !$*UTF8*$!
{
	archiveVersion = 1;
	classes = {
	};
	objectVersion = 46;
	objects = {

/* Begin PBXBuildFile section */
		980AEBA117FE231400720922 /* Foundation.framework in Frameworks */ = {isa = PBXBuildFile; fileRef = 980AEBA017FE231400720922 /* Foundation.framework */; };
		980AEBA317FE231400720922 /* CoreGraphics.framework in Frameworks */ = {isa = PBXBuildFile; fileRef = 980AEBA217FE231400720922 /* CoreGraphics.framework */; };
		980AEBA517FE231400720922 /* UIKit.framework in Frameworks */ = {isa = PBXBuildFile; fileRef = 980AEBA417FE231400720922 /* UIKit.framework */; };
		980AEBAB17FE231400720922 /* InfoPlist.strings in Resources */ = {isa = PBXBuildFile; fileRef = 980AEBA917FE231400720922 /* InfoPlist.strings */; };
		980AEBAD17FE231400720922 /* main.m in Sources */ = {isa = PBXBuildFile; fileRef = 980AEBAC17FE231400720922 /* main.m */; };
		980AEBB117FE231400720922 /* AppDelegate.m in Sources */ = {isa = PBXBuildFile; fileRef = 980AEBB017FE231400720922 /* AppDelegate.m */; };
		980AEBB417FE231400720922 /* RootViewController.m in Sources */ = {isa = PBXBuildFile; fileRef = 980AEBB317FE231400720922 /* RootViewController.m */; };
		980AEBB717FE231400720922 /* DataViewController.m in Sources */ = {isa = PBXBuildFile; fileRef = 980AEBB617FE231400720922 /* DataViewController.m */; };
		980AEBBA17FE231400720922 /* ModelController.m in Sources */ = {isa = PBXBuildFile; fileRef = 980AEBB917FE231400720922 /* ModelController.m */; };
		980AEBBD17FE231400720922 /* Main.storyboard in Resources */ = {isa = PBXBuildFile; fileRef = 980AEBBB17FE231400720922 /* Main.storyboard */; };
		980AEBBF17FE231400720922 /* Images.xcassets in Resources */ = {isa = PBXBuildFile; fileRef = 980AEBBE17FE231400720922 /* Images.xcassets */; };
		980AEBC617FE231400720922 /* XCTest.framework in Frameworks */ = {isa = PBXBuildFile; fileRef = 980AEBC517FE231400720922 /* XCTest.framework */; };
		980AEBC717FE231400720922 /* Foundation.framework in Frameworks */ = {isa = PBXBuildFile; fileRef = 980AEBA017FE231400720922 /* Foundation.framework */; };
		980AEBC817FE231400720922 /* UIKit.framework in Frameworks */ = {isa = PBXBuildFile; fileRef = 980AEBA417FE231400720922 /* UIKit.framework */; };
		980AEBD017FE231400720922 /* InfoPlist.strings in Resources */ = {isa = PBXBuildFile; fileRef = 980AEBCE17FE231400720922 /* InfoPlist.strings */; };
		980AEBD217FE231400720922 /* Timertest2Tests.m in Sources */ = {isa = PBXBuildFile; fileRef = 980AEBD117FE231400720922 /* Timertest2Tests.m */; };
/* End PBXBuildFile section */

/* Begin PBXContainerItemProxy section */
		980AEBC917FE231400720922 /* PBXContainerItemProxy */ = {
			isa = PBXContainerItemProxy;
			containerPortal = 980AEB9517FE231400720922 /* Project object */;
			proxyType = 1;
			remoteGlobalIDString = 980AEB9C17FE231400720922;
			remoteInfo = Timertest2;
		};
/* End PBXContainerItemProxy section */

/* Begin PBXFileReference section */
		980AEB9D17FE231400720922 /* Timertest2.app */ = {isa = PBXFileReference; explicitFileType = wrapper.application; includeInIndex = 0; path = Timertest2.app; sourceTree = BUILT_PRODUCTS_DIR; };
		980AEBA017FE231400720922 /* Foundation.framework */ = {isa = PBXFileReference; lastKnownFileType = wrapper.framework; name = Foundation.framework; path = System/Library/Frameworks/Foundation.framework; sourceTree = SDKROOT; };
		980AEBA217FE231400720922 /* CoreGraphics.framework */ = {isa = PBXFileReference; lastKnownFileType = wrapper.framework; name = CoreGraphics.framework; path = System/Library/Frameworks/CoreGraphics.framework; sourceTree = SDKROOT; };
		980AEBA417FE231400720922 /* UIKit.framework */ = {isa = PBXFileReference; lastKnownFileType = wrapper.framework; name = UIKit.framework; path = System/Library/Frameworks/UIKit.framework; sourceTree = SDKROOT; };
		980AEBA817FE231400720922 /* Timertest2-Info.plist */ = {isa = PBXFileReference; lastKnownFileType = text.plist.xml; path = "Timertest2-Info.plist"; sourceTree = "<group>"; };
		980AEBAA17FE231400720922 /* en */ = {isa = PBXFileReference; lastKnownFileType = text.plist.strings; name = en; path = en.lproj/InfoPlist.strings; sourceTree = "<group>"; };
		980AEBAC17FE231400720922 /* main.m */ = {isa = PBXFileReference; lastKnownFileType = sourcecode.c.objc; path = main.m; sourceTree = "<group>"; };
		980AEBAE17FE231400720922 /* Timertest2-Prefix.pch */ = {isa = PBXFileReference; lastKnownFileType = sourcecode.c.h; path = "Timertest2-Prefix.pch"; sourceTree = "<group>"; };
		980AEBAF17FE231400720922 /* AppDelegate.h */ = {isa = PBXFileReference; lastKnownFileType = sourcecode.c.h; path = AppDelegate.h; sourceTree = "<group>"; };
		980AEBB017FE231400720922 /* AppDelegate.m */ = {isa = PBXFileReference; lastKnownFileType = sourcecode.c.objc; path = AppDelegate.m; sourceTree = "<group>"; };
		980AEBB217FE231400720922 /* RootViewController.h */ = {isa = PBXFileReference; lastKnownFileType = sourcecode.c.h; path = RootViewController.h; sourceTree = "<group>"; };
		980AEBB317FE231400720922 /* RootViewController.m */ = {isa = PBXFileReference; lastKnownFileType = sourcecode.c.objc; path = RootViewController.m; sourceTree = "<group>"; };
		980AEBB517FE231400720922 /* DataViewController.h */ = {isa = PBXFileReference; lastKnownFileType = sourcecode.c.h; path = DataViewController.h; sourceTree = "<group>"; };
		980AEBB617FE231400720922 /* DataViewController.m */ = {isa = PBXFileReference; lastKnownFileType = sourcecode.c.objc; path = DataViewController.m; sourceTree = "<group>"; };
		980AEBB817FE231400720922 /* ModelController.h */ = {isa = PBXFileReference; lastKnownFileType = sourcecode.c.h; path = ModelController.h; sourceTree = "<group>"; };
		980AEBB917FE231400720922 /* ModelController.m */ = {isa = PBXFileReference; lastKnownFileType = sourcecode.c.objc; path = ModelController.m; sourceTree = "<group>"; };
		980AEBBC17FE231400720922 /* Base */ = {isa = PBXFileReference; lastKnownFileType = file.storyboard; name = Base; path = Base.lproj/Main.storyboard; sourceTree = "<group>"; };
		980AEBBE17FE231400720922 /* Images.xcassets */ = {isa = PBXFileReference; lastKnownFileType = folder.assetcatalog; path = Images.xcassets; sourceTree = "<group>"; };
		980AEBC417FE231400720922 /* Timertest2Tests.xctest */ = {isa = PBXFileReference; explicitFileType = wrapper.cfbundle; includeInIndex = 0; path = Timertest2Tests.xctest; sourceTree = BUILT_PRODUCTS_DIR; };
		980AEBC517FE231400720922 /* XCTest.framework */ = {isa = PBXFileReference; lastKnownFileType = wrapper.framework; name = XCTest.framework; path = Library/Frameworks/XCTest.framework; sourceTree = DEVELOPER_DIR; };
		980AEBCD17FE231400720922 /* Timertest2Tests-Info.plist */ = {isa = PBXFileReference; lastKnownFileType = text.plist.xml; path = "Timertest2Tests-Info.plist"; sourceTree = "<group>"; };
		980AEBCF17FE231400720922 /* en */ = {isa = PBXFileReference; lastKnownFileType = text.plist.strings; name = en; path = en.lproj/InfoPlist.strings; sourceTree = "<group>"; };
		980AEBD117FE231400720922 /* Timertest2Tests.m */ = {isa = PBXFileReference; lastKnownFileType = sourcecode.c.objc; path = Timertest2Tests.m; sourceTree = "<group>"; };
/* End PBXFileReference section */

/* Begin PBXFrameworksBuildPhase section */
		980AEB9A17FE231400720922 /* Frameworks */ = {
			isa = PBXFrameworksBuildPhase;
			buildActionMask = 2147483647;
			files = (
				980AEBA317FE231400720922 /* CoreGraphics.framework in Frameworks */,
				980AEBA517FE231400720922 /* UIKit.framework in Frameworks */,
				980AEBA117FE231400720922 /* Foundation.framework in Frameworks */,
			);
			runOnlyForDeploymentPostprocessing = 0;
		};
		980AEBC117FE231400720922 /* Frameworks */ = {
			isa = PBXFrameworksBuildPhase;
			buildActionMask = 2147483647;
			files = (
				980AEBC617FE231400720922 /* XCTest.framework in Frameworks */,
				980AEBC817FE231400720922 /* UIKit.framework in Frameworks */,
				980AEBC717FE231400720922 /* Foundation.framework in Frameworks */,
			);
			runOnlyForDeploymentPostprocessing = 0;
		};
/* End PBXFrameworksBuildPhase section */

/* Begin PBXGroup section */
		980AEB9417FE231400720922 = {
			isa = PBXGroup;
			children = (
				980AEBA617FE231400720922 /* Timertest2 */,
				980AEBCB17FE231400720922 /* Timertest2Tests */,
				980AEB9F17FE231400720922 /* Frameworks */,
				980AEB9E17FE231400720922 /* Products */,
			);
			sourceTree = "<group>";
		};
		980AEB9E17FE231400720922 /* Products */ = {
			isa = PBXGroup;
			children = (
				980AEB9D17FE231400720922 /* Timertest2.app */,
				980AEBC417FE231400720922 /* Timertest2Tests.xctest */,
			);
			name = Products;
			sourceTree = "<group>";
		};
		980AEB9F17FE231400720922 /* Frameworks */ = {
			isa = PBXGroup;
			children = (
				980AEBA017FE231400720922 /* Foundation.framework */,
				980AEBA217FE231400720922 /* CoreGraphics.framework */,
				980AEBA417FE231400720922 /* UIKit.framework */,
				980AEBC517FE231400720922 /* XCTest.framework */,
			);
			name = Frameworks;
			sourceTree = "<group>";
		};
		980AEBA617FE231400720922 /* Timertest2 */ = {
			isa = PBXGroup;
			children = (
				980AEBAF17FE231400720922 /* AppDelegate.h */,
				980AEBB017FE231400720922 /* AppDelegate.m */,
				980AEBB217FE231400720922 /* RootViewController.h */,
				980AEBB317FE231400720922 /* RootViewController.m */,
				980AEBB517FE231400720922 /* DataViewController.h */,
				980AEBB617FE231400720922 /* DataViewController.m */,
				980AEBB817FE231400720922 /* ModelController.h */,
				980AEBB917FE231400720922 /* ModelController.m */,
				980AEBBB17FE231400720922 /* Main.storyboard */,
				980AEBBE17FE231400720922 /* Images.xcassets */,
				980AEBA717FE231400720922 /* Supporting Files */,
			);
			path = Timertest2;
			sourceTree = "<group>";
		};
		980AEBA717FE231400720922 /* Supporting Files */ = {
			isa = PBXGroup;
			children = (
				980AEBA817FE231400720922 /* Timertest2-Info.plist */,
				980AEBA917FE231400720922 /* InfoPlist.strings */,
				980AEBAC17FE231400720922 /* main.m */,
				980AEBAE17FE231400720922 /* Timertest2-Prefix.pch */,
			);
			name = "Supporting Files";
			sourceTree = "<group>";
		};
		980AEBCB17FE231400720922 /* Timertest2Tests */ = {
			isa = PBXGroup;
			children = (
				980AEBD117FE231400720922 /* Timertest2Tests.m */,
				980AEBCC17FE231400720922 /* Supporting Files */,
			);
			path = Timertest2Tests;
			sourceTree = "<group>";
		};
		980AEBCC17FE231400720922 /* Supporting Files */ = {
			isa = PBXGroup;
			children = (
				980AEBCD17FE231400720922 /* Timertest2Tests-Info.plist */,
				980AEBCE17FE231400720922 /* InfoPlist.strings */,
			);
			name = "Supporting Files";
			sourceTree = "<group>";
		};
/* End PBXGroup section */

/* Begin PBXNativeTarget section */
		980AEB9C17FE231400720922 /* Timertest2 */ = {
			isa = PBXNativeTarget;
			buildConfigurationList = 980AEBD517FE231400720922 /* Build configuration list for PBXNativeTarget "Timertest2" */;
			buildPhases = (
				980AEB9917FE231400720922 /* Sources */,
				980AEB9A17FE231400720922 /* Frameworks */,
				980AEB9B17FE231400720922 /* Resources */,
			);
			buildRules = (
			);
			dependencies = (
			);
			name = Timertest2;
			productName = Timertest2;
			productReference = 980AEB9D17FE231400720922 /* Timertest2.app */;
			productType = "com.apple.product-type.application";
		};
		980AEBC317FE231400720922 /* Timertest2Tests */ = {
			isa = PBXNativeTarget;
			buildConfigurationList = 980AEBD817FE231400720922 /* Build configuration list for PBXNativeTarget "Timertest2Tests" */;
			buildPhases = (
				980AEBC017FE231400720922 /* Sources */,
				980AEBC117FE231400720922 /* Frameworks */,
				980AEBC217FE231400720922 /* Resources */,
			);
			buildRules = (
			);
			dependencies = (
				980AEBCA17FE231400720922 /* PBXTargetDependency */,
			);
			name = Timertest2Tests;
			productName = Timertest2Tests;
			productReference = 980AEBC417FE231400720922 /* Timertest2Tests.xctest */;
			productType = "com.apple.product-type.bundle.unit-test";
		};
/* End PBXNativeTarget section */

/* Begin PBXProject section */
		980AEB9517FE231400720922 /* Project object */ = {
			isa = PBXProject;
			attributes = {
				LastUpgradeCheck = 0500;
				ORGANIZATIONNAME = "JJ Johnson";
				TargetAttributes = {
					980AEBC317FE231400720922 = {
						TestTargetID = 980AEB9C17FE231400720922;
					};
				};
			};
			buildConfigurationList = 980AEB9817FE231400720922 /* Build configuration list for PBXProject "Timertest2" */;
			compatibilityVersion = "Xcode 3.2";
			developmentRegion = English;
			hasScannedForEncodings = 0;
			knownRegions = (
				en,
				Base,
			);
			mainGroup = 980AEB9417FE231400720922;
			productRefGroup = 980AEB9E17FE231400720922 /* Products */;
			projectDirPath = "";
			projectRoot = "";
			targets = (
				980AEB9C17FE231400720922 /* Timertest2 */,
				980AEBC317FE231400720922 /* Timertest2Tests */,
			);
		};
/* End PBXProject section */

/* Begin PBXResourcesBuildPhase section */
		980AEB9B17FE231400720922 /* Resources */ = {
			isa = PBXResourcesBuildPhase;
			buildActionMask = 2147483647;
			files = (
				980AEBBF17FE231400720922 /* Images.xcassets in Resources */,
				980AEBAB17FE231400720922 /* InfoPlist.strings in Resources */,
				980AEBBD17FE231400720922 /* Main.storyboard in Resources */,
			);
			runOnlyForDeploymentPostprocessing = 0;
		};
		980AEBC217FE231400720922 /* Resources */ = {
			isa = PBXResourcesBuildPhase;
			buildActionMask = 2147483647;
			files = (
				980AEBD017FE231400720922 /* InfoPlist.strings in Resources */,
			);
			runOnlyForDeploymentPostprocessing = 0;
		};
/* End PBXResourcesBuildPhase section */

/* Begin PBXSourcesBuildPhase section */
		980AEB9917FE231400720922 /* Sources */ = {
			isa = PBXSourcesBuildPhase;
			buildActionMask = 2147483647;
			files = (
				980AEBB717FE231400720922 /* DataViewController.m in Sources */,
				980AEBB117FE231400720922 /* AppDelegate.m in Sources */,
				980AEBBA17FE231400720922 /* ModelController.m in Sources */,
				980AEBAD17FE231400720922 /* main.m in Sources */,
				980AEBB417FE231400720922 /* RootViewController.m in Sources */,
			);
			runOnlyForDeploymentPostprocessing = 0;
		};
		980AEBC017FE231400720922 /* Sources */ = {
			isa = PBXSourcesBuildPhase;
			buildActionMask = 2147483647;
			files = (
				980AEBD217FE231400720922 /* Timertest2Tests.m in Sources */,
			);
			runOnlyForDeploymentPostprocessing = 0;
		};
/* End PBXSourcesBuildPhase section */

/* Begin PBXTargetDependency section */
		980AEBCA17FE231400720922 /* PBXTargetDependency */ = {
			isa = PBXTargetDependency;
			target = 980AEB9C17FE231400720922 /* Timertest2 */;
			targetProxy = 980AEBC917FE231400720922 /* PBXContainerItemProxy */;
		};
/* End PBXTargetDependency section */

/* Begin PBXVariantGroup section */
		980AEBA917FE231400720922 /* InfoPlist.strings */ = {
			isa = PBXVariantGroup;
			children = (
				980AEBAA17FE231400720922 /* en */,
			);
			name = InfoPlist.strings;
			sourceTree = "<group>";
		};
		980AEBBB17FE231400720922 /* Main.storyboard */ = {
			isa = PBXVariantGroup;
			children = (
				980AEBBC17FE231400720922 /* Base */,
			);
			name = Main.storyboard;
			sourceTree = "<group>";
		};
		980AEBCE17FE231400720922 /* InfoPlist.strings */ = {
			isa = PBXVariantGroup;
			children = (
				980AEBCF17FE231400720922 /* en */,
			);
			name = InfoPlist.strings;
			sourceTree = "<group>";
		};
/* End PBXVariantGroup section */

/* Begin XCBuildConfiguration section */
		980AEBD317FE231400720922 /* Debug */ = {
			isa = XCBuildConfiguration;
			buildSettings = {
				ALWAYS_SEARCH_USER_PATHS = NO;
				CLANG_CXX_LANGUAGE_STANDARD = "gnu++0x";
				CLANG_CXX_LIBRARY = "libc++";
				CLANG_ENABLE_MODULES = YES;
				CLANG_ENABLE_OBJC_ARC = YES;
				CLANG_WARN_BOOL_CONVERSION = YES;
				CLANG_WARN_CONSTANT_CONVERSION = YES;
				CLANG_WARN_DIRECT_OBJC_ISA_USAGE = YES_ERROR;
				CLANG_WARN_EMPTY_BODY = YES;
				CLANG_WARN_ENUM_CONVERSION = YES;
				CLANG_WARN_INT_CONVERSION = YES;
				CLANG_WARN_OBJC_ROOT_CLASS = YES_ERROR;
				CLANG_WARN__DUPLICATE_METHOD_MATCH = YES;
				"CODE_SIGN_IDENTITY[sdk=iphoneos*]" = "iPhone Developer";
				COPY_PHASE_STRIP = NO;
				GCC_C_LANGUAGE_STANDARD = gnu99;
				GCC_DYNAMIC_NO_PIC = NO;
				GCC_OPTIMIZATION_LEVEL = 0;
				GCC_PREPROCESSOR_DEFINITIONS = (
					"DEBUG=1",
					"$(inherited)",
				);
				GCC_SYMBOLS_PRIVATE_EXTERN = NO;
				GCC_WARN_ABOUT_RETURN_TYPE = YES_ERROR;
				GCC_WARN_UNDECLARED_SELECTOR = YES;
				GCC_WARN_UNINITIALIZED_AUTOS = YES;
				GCC_WARN_UNUSED_FUNCTION = YES;
				GCC_WARN_UNUSED_VARIABLE = YES;
				IPHONEOS_DEPLOYMENT_TARGET = 7.0;
				ONLY_ACTIVE_ARCH = YES;
				SDKROOT = iphoneos;
			};
			name = Debug;
		};
		980AEBD417FE231400720922 /* Release */ = {
			isa = XCBuildConfiguration;
			buildSettings = {
				ALWAYS_SEARCH_USER_PATHS = NO;
				CLANG_CXX_LANGUAGE_STANDARD = "gnu++0x";
				CLANG_CXX_LIBRARY = "libc++";
				CLANG_ENABLE_MODULES = YES;
				CLANG_ENABLE_OBJC_ARC = YES;
				CLANG_WARN_BOOL_CONVERSION = YES;
				CLANG_WARN_CONSTANT_CONVERSION = YES;
				CLANG_WARN_DIRECT_OBJC_ISA_USAGE = YES_ERROR;
				CLANG_WARN_EMPTY_BODY = YES;
				CLANG_WARN_ENUM_CONVERSION = YES;
				CLANG_WARN_INT_CONVERSION = YES;
				CLANG_WARN_OBJC_ROOT_CLASS = YES_ERROR;
				CLANG_WARN__DUPLICATE_METHOD_MATCH = YES;
				"CODE_SIGN_IDENTITY[sdk=iphoneos*]" = "iPhone Developer";
				COPY_PHASE_STRIP = YES;
				ENABLE_NS_ASSERTIONS = NO;
				GCC_C_LANGUAGE_STANDARD = gnu99;
				GCC_WARN_ABOUT_RETURN_TYPE = YES_ERROR;
				GCC_WARN_UNDECLARED_SELECTOR = YES;
				GCC_WARN_UNINITIALIZED_AUTOS = YES;
				GCC_WARN_UNUSED_FUNCTION = YES;
				GCC_WARN_UNUSED_VARIABLE = YES;
				IPHONEOS_DEPLOYMENT_TARGET = 7.0;
				SDKROOT = iphoneos;
				VALIDATE_PRODUCT = YES;
			};
			name = Release;
		};
		980AEBD617FE231400720922 /* Debug */ = {
			isa = XCBuildConfiguration;
			buildSettings = {
				ASSETCATALOG_COMPILER_APPICON_NAME = AppIcon;
				ASSETCATALOG_COMPILER_LAUNCHIMAGE_NAME = LaunchImage;
				GCC_PRECOMPILE_PREFIX_HEADER = YES;
				GCC_PREFIX_HEADER = "Timertest2/Timertest2-Prefix.pch";
				INFOPLIST_FILE = "Timertest2/Timertest2-Info.plist";
				PRODUCT_NAME = "$(TARGET_NAME)";
				WRAPPER_EXTENSION = app;
			};
			name = Debug;
		};
		980AEBD717FE231400720922 /* Release */ = {
			isa = XCBuildConfiguration;
			buildSettings = {
				ASSETCATALOG_COMPILER_APPICON_NAME = AppIcon;
				ASSETCATALOG_COMPILER_LAUNCHIMAGE_NAME = LaunchImage;
				GCC_PRECOMPILE_PREFIX_HEADER = YES;
				GCC_PREFIX_HEADER = "Timertest2/Timertest2-Prefix.pch";
				INFOPLIST_FILE = "Timertest2/Timertest2-Info.plist";
				PRODUCT_NAME = "$(TARGET_NAME)";
				WRAPPER_EXTENSION = app;
			};
			name = Release;
		};
		980AEBD917FE231400720922 /* Debug */ = {
			isa = XCBuildConfiguration;
			buildSettings = {
				BUNDLE_LOADER = "$(BUILT_PRODUCTS_DIR)/Timertest2.app/Timertest2";
				FRAMEWORK_SEARCH_PATHS = (
					"$(SDKROOT)/Developer/Library/Frameworks",
					"$(inherited)",
					"$(DEVELOPER_FRAMEWORKS_DIR)",
				);
				GCC_PRECOMPILE_PREFIX_HEADER = YES;
				GCC_PREFIX_HEADER = "Timertest2/Timertest2-Prefix.pch";
				GCC_PREPROCESSOR_DEFINITIONS = (
					"DEBUG=1",
					"$(inherited)",
				);
				INFOPLIST_FILE = "Timertest2Tests/Timertest2Tests-Info.plist";
				PRODUCT_NAME = "$(TARGET_NAME)";
				TEST_HOST = "$(BUNDLE_LOADER)";
				WRAPPER_EXTENSION = xctest;
			};
			name = Debug;
		};
		980AEBDA17FE231400720922 /* Release */ = {
			isa = XCBuildConfiguration;
			buildSettings = {
				BUNDLE_LOADER = "$(BUILT_PRODUCTS_DIR)/Timertest2.app/Timertest2";
				FRAMEWORK_SEARCH_PATHS = (
					"$(SDKROOT)/Developer/Library/Frameworks",
					"$(inherited)",
					"$(DEVELOPER_FRAMEWORKS_DIR)",
				);
				GCC_PRECOMPILE_PREFIX_HEADER = YES;
				GCC_PREFIX_HEADER = "Timertest2/Timertest2-Prefix.pch";
				INFOPLIST_FILE = "Timertest2Tests/Timertest2Tests-Info.plist";
				PRODUCT_NAME = "$(TARGET_NAME)";
				TEST_HOST = "$(BUNDLE_LOADER)";
				WRAPPER_EXTENSION = xctest;
			};
			name = Release;
		};
/* End XCBuildConfiguration section */

/* Begin XCConfigurationList section */
		980AEB9817FE231400720922 /* Build configuration list for PBXProject "Timertest2" */ = {
			isa = XCConfigurationList;
			buildConfigurations = (
				980AEBD317FE231400720922 /* Debug */,
				980AEBD417FE231400720922 /* Release */,
			);
			defaultConfigurationIsVisible = 0;
			defaultConfigurationName = Release;
		};
		980AEBD517FE231400720922 /* Build configuration list for PBXNativeTarget "Timertest2" */ = {
			isa = XCConfigurationList;
			buildConfigurations = (
				980AEBD617FE231400720922 /* Debug */,
				980AEBD717FE231400720922 /* Release */,
			);
			defaultConfigurationIsVisible = 0;
		};
		980AEBD817FE231400720922 /* Build configuration list for PBXNativeTarget "Timertest2Tests" */ = {
			isa = XCConfigurationList;
			buildConfigurations = (
				980AEBD917FE231400720922 /* Debug */,
				980AEBDA17FE231400720922 /* Release */,
			);
			defaultConfigurationIsVisible = 0;
		};
/* End XCConfigurationList section */
	};
	rootObject = 980AEB9517FE231400720922 /* Project object */;
}
